
Microsoft Visual Studio Solution File, Format Version 12.00
# Visual Studio 14
VisualStudioVersion = 14.0.25420.1
MinimumVisualStudioVersion = 10.0.40219.1
Project("{FAE04EC0-301F-11D3-BF4B-00C04F79EFBC}") = "App1.Droid", "App1\App1.Droid\App1.Droid.csproj", "{D113A74D-DC84-413D-B826-82DFF61F3ED1}"
EndProject
Project("{FAE04EC0-301F-11D3-BF4B-00C04F79EFBC}") = "App1.iOS", "App1\App1.iOS\App1.iOS.csproj", "{8425148D-DB0D-4442-A33F-9A59C650CECF}"
EndProject
Project("{FAE04EC0-301F-11D3-BF4B-00C04F79EFBC}") = "App1.WinPhone", "App1\App1.WinPhone\App1.WinPhone.csproj", "{00643F31-67BB-4C0B-BD24-768F3CF4DDAB}"
EndProject
Project("{FAE04EC0-301F-11D3-BF4B-00C04F79EFBC}") = "App1.UWP", "App1\App1.UWP\App1.UWP.csproj", "{7C72F7BE-9051-4631-BD21-4060CC91C46C}"
EndProject
Project("{FAE04EC0-301F-11D3-BF4B-00C04F79EFBC}") = "App1.Windows", "App1\App1.Windows\App1.Windows.csproj", "{64D39030-2FFB-4102-BA72-7A43A15DA51B}"
EndProject
Project("{FAE04EC0-301F-11D3-BF4B-00C04F79EFBC}") = "App1", "App1\App1\App1.csproj", "{82DECF2F-EE0E-48C8-89B0-52A214F18A29}"
EndProject
Global
	GlobalSection(SolutionConfigurationPlatforms) = preSolution
		Ad-Hoc|Any CPU = Ad-Hoc|Any CPU
		Ad-Hoc|ARM = Ad-Hoc|ARM
		Ad-Hoc|iPhone = Ad-Hoc|iPhone
		Ad-Hoc|iPhoneSimulator = Ad-Hoc|iPhoneSimulator
		Ad-Hoc|x64 = Ad-Hoc|x64
		Ad-Hoc|x86 = Ad-Hoc|x86
		AppStore|Any CPU = AppStore|Any CPU
		AppStore|ARM = AppStore|ARM
		AppStore|iPhone = AppStore|iPhone
		AppStore|iPhoneSimulator = AppStore|iPhoneSimulator
		AppStore|x64 = AppStore|x64
		AppStore|x86 = AppStore|x86
		Debug|Any CPU = Debug|Any CPU
		Debug|ARM = Debug|ARM
		Debug|iPhone = Debug|iPhone
		Debug|iPhoneSimulator = Debug|iPhoneSimulator
		Debug|x64 = Debug|x64
		Debug|x86 = Debug|x86
		Release|Any CPU = Release|Any CPU
		Release|ARM = Release|ARM
		Release|iPhone = Release|iPhone
		Release|iPhoneSimulator = Release|iPhoneSimulator
		Release|x64 = Release|x64
		Release|x86 = Release|x86
	EndGlobalSection
	GlobalSection(ProjectConfigurationPlatforms) = postSolution
		{D113A74D-DC84-413D-B826-82DFF61F3ED1}.Ad-Hoc|Any CPU.ActiveCfg = Release|Any CPU
		{D113A74D-DC84-413D-B826-82DFF61F3ED1}.Ad-Hoc|Any CPU.Build.0 = Release|Any CPU
		{D113A74D-DC84-413D-B826-82DFF61F3ED1}.Ad-Hoc|Any CPU.Deploy.0 = Release|Any CPU
		{D113A74D-DC84-413D-B826-82DFF61F3ED1}.Ad-Hoc|ARM.ActiveCfg = Release|Any CPU
		{D113A74D-DC84-413D-B826-82DFF61F3ED1}.Ad-Hoc|ARM.Build.0 = Release|Any CPU
		{D113A74D-DC84-413D-B826-82DFF61F3ED1}.Ad-Hoc|ARM.Deploy.0 = Release|Any CPU
		{D113A74D-DC84-413D-B826-82DFF61F3ED1}.Ad-Hoc|iPhone.ActiveCfg = Release|Any CPU
		{D113A74D-DC84-413D-B826-82DFF61F3ED1}.Ad-Hoc|iPhone.Build.0 = Release|Any CPU
		{D113A74D-DC84-413D-B826-82DFF61F3ED1}.Ad-Hoc|iPhone.Deploy.0 = Release|Any CPU
		{D113A74D-DC84-413D-B826-82DFF61F3ED1}.Ad-Hoc|iPhoneSimulator.ActiveCfg = Release|Any CPU
		{D113A74D-DC84-413D-B826-82DFF61F3ED1}.Ad-Hoc|iPhoneSimulator.Build.0 = Release|Any CPU
		{D113A74D-DC84-413D-B826-82DFF61F3ED1}.Ad-Hoc|iPhoneSimulator.Deploy.0 = Release|Any CPU
		{D113A74D-DC84-413D-B826-82DFF61F3ED1}.Ad-Hoc|x64.ActiveCfg = Release|Any CPU
		{D113A74D-DC84-413D-B826-82DFF61F3ED1}.Ad-Hoc|x64.Build.0 = Release|Any CPU
		{D113A74D-DC84-413D-B826-82DFF61F3ED1}.Ad-Hoc|x64.Deploy.0 = Release|Any CPU
		{D113A74D-DC84-413D-B826-82DFF61F3ED1}.Ad-Hoc|x86.ActiveCfg = Release|Any CPU
		{D113A74D-DC84-413D-B826-82DFF61F3ED1}.Ad-Hoc|x86.Build.0 = Release|Any CPU
		{D113A74D-DC84-413D-B826-82DFF61F3ED1}.Ad-Hoc|x86.Deploy.0 = Release|Any CPU
		{D113A74D-DC84-413D-B826-82DFF61F3ED1}.AppStore|Any CPU.ActiveCfg = Release|Any CPU
		{D113A74D-DC84-413D-B826-82DFF61F3ED1}.AppStore|Any CPU.Build.0 = Release|Any CPU
		{D113A74D-DC84-413D-B826-82DFF61F3ED1}.AppStore|Any CPU.Deploy.0 = Release|Any CPU
		{D113A74D-DC84-413D-B826-82DFF61F3ED1}.AppStore|ARM.ActiveCfg = Release|Any CPU
		{D113A74D-DC84-413D-B826-82DFF61F3ED1}.AppStore|ARM.Build.0 = Release|Any CPU
		{D113A74D-DC84-413D-B826-82DFF61F3ED1}.AppStore|ARM.Deploy.0 = Release|Any CPU
		{D113A74D-DC84-413D-B826-82DFF61F3ED1}.AppStore|iPhone.ActiveCfg = Release|Any CPU
		{D113A74D-DC84-413D-B826-82DFF61F3ED1}.AppStore|iPhone.Build.0 = Release|Any CPU
		{D113A74D-DC84-413D-B826-82DFF61F3ED1}.AppStore|iPhone.Deploy.0 = Release|Any CPU
		{D113A74D-DC84-413D-B826-82DFF61F3ED1}.AppStore|iPhoneSimulator.ActiveCfg = Release|Any CPU
		{D113A74D-DC84-413D-B826-82DFF61F3ED1}.AppStore|iPhoneSimulator.Build.0 = Release|Any CPU
		{D113A74D-DC84-413D-B826-82DFF61F3ED1}.AppStore|iPhoneSimulator.Deploy.0 = Release|Any CPU
		{D113A74D-DC84-413D-B826-82DFF61F3ED1}.AppStore|x64.ActiveCfg = Release|Any CPU
		{D113A74D-DC84-413D-B826-82DFF61F3ED1}.AppStore|x64.Build.0 = Release|Any CPU
		{D113A74D-DC84-413D-B826-82DFF61F3ED1}.AppStore|x64.Deploy.0 = Release|Any CPU
		{D113A74D-DC84-413D-B826-82DFF61F3ED1}.AppStore|x86.ActiveCfg = Release|Any CPU
		{D113A74D-DC84-413D-B826-82DFF61F3ED1}.AppStore|x86.Build.0 = Release|Any CPU
		{D113A74D-DC84-413D-B826-82DFF61F3ED1}.AppStore|x86.Deploy.0 = Release|Any CPU
		{D113A74D-DC84-413D-B826-82DFF61F3ED1}.Debug|Any CPU.ActiveCfg = Debug|Any CPU
		{D113A74D-DC84-413D-B826-82DFF61F3ED1}.Debug|Any CPU.Build.0 = Debug|Any CPU
		{D113A74D-DC84-413D-B826-82DFF61F3ED1}.Debug|Any CPU.Deploy.0 = Debug|Any CPU
		{D113A74D-DC84-413D-B826-82DFF61F3ED1}.Debug|ARM.ActiveCfg = Debug|Any CPU
		{D113A74D-DC84-413D-B826-82DFF61F3ED1}.Debug|ARM.Build.0 = Debug|Any CPU
		{D113A74D-DC84-413D-B826-82DFF61F3ED1}.Debug|ARM.Deploy.0 = Debug|Any CPU
		{D113A74D-DC84-413D-B826-82DFF61F3ED1}.Debug|iPhone.ActiveCfg = Debug|Any CPU
		{D113A74D-DC84-413D-B826-82DFF61F3ED1}.Debug|iPhone.Build.0 = Debug|Any CPU
		{D113A74D-DC84-413D-B826-82DFF61F3ED1}.Debug|iPhone.Deploy.0 = Debug|Any CPU
		{D113A74D-DC84-413D-B826-82DFF61F3ED1}.Debug|iPhoneSimulator.ActiveCfg = Debug|Any CPU
		{D113A74D-DC84-413D-B826-82DFF61F3ED1}.Debug|iPhoneSimulator.Build.0 = Debug|Any CPU
		{D113A74D-DC84-413D-B826-82DFF61F3ED1}.Debug|iPhoneSimulator.Deploy.0 = Debug|Any CPU
		{D113A74D-DC84-413D-B826-82DFF61F3ED1}.Debug|x64.ActiveCfg = Debug|Any CPU
		{D113A74D-DC84-413D-B826-82DFF61F3ED1}.Debug|x64.Build.0 = Debug|Any CPU
		{D113A74D-DC84-413D-B826-82DFF61F3ED1}.Debug|x64.Deploy.0 = Debug|Any CPU
		{D113A74D-DC84-413D-B826-82DFF61F3ED1}.Debug|x86.ActiveCfg = Debug|Any CPU
		{D113A74D-DC84-413D-B826-82DFF61F3ED1}.Debug|x86.Build.0 = Debug|Any CPU
		{D113A74D-DC84-413D-B826-82DFF61F3ED1}.Debug|x86.Deploy.0 = Debug|Any CPU
		{D113A74D-DC84-413D-B826-82DFF61F3ED1}.Release|Any CPU.ActiveCfg = Release|Any CPU
		{D113A74D-DC84-413D-B826-82DFF61F3ED1}.Release|Any CPU.Build.0 = Release|Any CPU
		{D113A74D-DC84-413D-B826-82DFF61F3ED1}.Release|Any CPU.Deploy.0 = Release|Any CPU
		{D113A74D-DC84-413D-B826-82DFF61F3ED1}.Release|ARM.ActiveCfg = Release|Any CPU
		{D113A74D-DC84-413D-B826-82DFF61F3ED1}.Release|ARM.Build.0 = Release|Any CPU
		{D113A74D-DC84-413D-B826-82DFF61F3ED1}.Release|ARM.Deploy.0 = Release|Any CPU
		{D113A74D-DC84-413D-B826-82DFF61F3ED1}.Release|iPhone.ActiveCfg = Release|Any CPU
		{D113A74D-DC84-413D-B826-82DFF61F3ED1}.Release|iPhone.Build.0 = Release|Any CPU
		{D113A74D-DC84-413D-B826-82DFF61F3ED1}.Release|iPhone.Deploy.0 = Release|Any CPU
		{D113A74D-DC84-413D-B826-82DFF61F3ED1}.Release|iPhoneSimulator.ActiveCfg = Release|Any CPU
		{D113A74D-DC84-413D-B826-82DFF61F3ED1}.Release|iPhoneSimulator.Build.0 = Release|Any CPU
		{D113A74D-DC84-413D-B826-82DFF61F3ED1}.Release|iPhoneSimulator.Deploy.0 = Release|Any CPU
		{D113A74D-DC84-413D-B826-82DFF61F3ED1}.Release|x64.ActiveCfg = Release|Any CPU
		{D113A74D-DC84-413D-B826-82DFF61F3ED1}.Release|x64.Build.0 = Release|Any CPU
		{D113A74D-DC84-413D-B826-82DFF61F3ED1}.Release|x64.Deploy.0 = Release|Any CPU
		{D113A74D-DC84-413D-B826-82DFF61F3ED1}.Release|x86.ActiveCfg = Release|Any CPU
		{D113A74D-DC84-413D-B826-82DFF61F3ED1}.Release|x86.Build.0 = Release|Any CPU
		{D113A74D-DC84-413D-B826-82DFF61F3ED1}.Release|x86.Deploy.0 = Release|Any CPU
		{8425148D-DB0D-4442-A33F-9A59C650CECF}.Ad-Hoc|Any CPU.ActiveCfg = Ad-Hoc|iPhone
		{8425148D-DB0D-4442-A33F-9A59C650CECF}.Ad-Hoc|ARM.ActiveCfg = Ad-Hoc|iPhone
		{8425148D-DB0D-4442-A33F-9A59C650CECF}.Ad-Hoc|iPhone.ActiveCfg = Ad-Hoc|iPhone
		{8425148D-DB0D-4442-A33F-9A59C650CECF}.Ad-Hoc|iPhone.Build.0 = Ad-Hoc|iPhone
		{8425148D-DB0D-4442-A33F-9A59C650CECF}.Ad-Hoc|iPhoneSimulator.ActiveCfg = Ad-Hoc|iPhoneSimulator
		{8425148D-DB0D-4442-A33F-9A59C650CECF}.Ad-Hoc|iPhoneSimulator.Build.0 = Ad-Hoc|iPhoneSimulator
		{8425148D-DB0D-4442-A33F-9A59C650CECF}.Ad-Hoc|x64.ActiveCfg = Ad-Hoc|iPhone
		{8425148D-DB0D-4442-A33F-9A59C650CECF}.Ad-Hoc|x86.ActiveCfg = Ad-Hoc|iPhone
		{8425148D-DB0D-4442-A33F-9A59C650CECF}.AppStore|Any CPU.ActiveCfg = AppStore|iPhone
		{8425148D-DB0D-4442-A33F-9A59C650CECF}.AppStore|ARM.ActiveCfg = AppStore|iPhone
		{8425148D-DB0D-4442-A33F-9A59C650CECF}.AppStore|iPhone.ActiveCfg = AppStore|iPhone
		{8425148D-DB0D-4442-A33F-9A59C650CECF}.AppStore|iPhone.Build.0 = AppStore|iPhone
		{8425148D-DB0D-4442-A33F-9A59C650CECF}.AppStore|iPhoneSimulator.ActiveCfg = AppStore|iPhoneSimulator
		{8425148D-DB0D-4442-A33F-9A59C650CECF}.AppStore|iPhoneSimulator.Build.0 = AppStore|iPhoneSimulator
		{8425148D-DB0D-4442-A33F-9A59C650CECF}.AppStore|x64.ActiveCfg = AppStore|iPhone
		{8425148D-DB0D-4442-A33F-9A59C650CECF}.AppStore|x86.ActiveCfg = AppStore|iPhone
		{8425148D-DB0D-4442-A33F-9A59C650CECF}.Debug|Any CPU.ActiveCfg = Debug|iPhone
		{8425148D-DB0D-4442-A33F-9A59C650CECF}.Debug|ARM.ActiveCfg = Debug|iPhone
		{8425148D-DB0D-4442-A33F-9A59C650CECF}.Debug|iPhone.ActiveCfg = Debug|iPhone
		{8425148D-DB0D-4442-A33F-9A59C650CECF}.Debug|iPhone.Build.0 = Debug|iPhone
		{8425148D-DB0D-4442-A33F-9A59C650CECF}.Debug|iPhoneSimulator.ActiveCfg = Debug|iPhoneSimulator
		{8425148D-DB0D-4442-A33F-9A59C650CECF}.Debug|iPhoneSimulator.Build.0 = Debug|iPhoneSimulator
		{8425148D-DB0D-4442-A33F-9A59C650CECF}.Debug|x64.ActiveCfg = Debug|iPhone
		{8425148D-DB0D-4442-A33F-9A59C650CECF}.Debug|x86.ActiveCfg = Debug|iPhone
		{8425148D-DB0D-4442-A33F-9A59C650CECF}.Release|Any CPU.ActiveCfg = Release|iPhone
		{8425148D-DB0D-4442-A33F-9A59C650CECF}.Release|ARM.ActiveCfg = Release|iPhone
		{8425148D-DB0D-4442-A33F-9A59C650CECF}.Release|iPhone.ActiveCfg = Release|iPhone
		{8425148D-DB0D-4442-A33F-9A59C650CECF}.Release|iPhone.Build.0 = Release|iPhone
		{8425148D-DB0D-4442-A33F-9A59C650CECF}.Release|iPhoneSimulator.ActiveCfg = Release|iPhoneSimulator
		{8425148D-DB0D-4442-A33F-9A59C650CECF}.Release|iPhoneSimulator.Build.0 = Release|iPhoneSimulator
		{8425148D-DB0D-4442-A33F-9A59C650CECF}.Release|x64.ActiveCfg = Release|iPhone
		{8425148D-DB0D-4442-A33F-9A59C650CECF}.Release|x86.ActiveCfg = Release|iPhone
		{00643F31-67BB-4C0B-BD24-768F3CF4DDAB}.Ad-Hoc|Any CPU.ActiveCfg = Release|Any CPU
		{00643F31-67BB-4C0B-BD24-768F3CF4DDAB}.Ad-Hoc|Any CPU.Build.0 = Release|Any CPU
		{00643F31-67BB-4C0B-BD24-768F3CF4DDAB}.Ad-Hoc|Any CPU.Deploy.0 = Release|Any CPU
		{00643F31-67BB-4C0B-BD24-768F3CF4DDAB}.Ad-Hoc|ARM.ActiveCfg = Release|ARM
		{00643F31-67BB-4C0B-BD24-768F3CF4DDAB}.Ad-Hoc|ARM.Build.0 = Release|ARM
		{00643F31-67BB-4C0B-BD24-768F3CF4DDAB}.Ad-Hoc|ARM.Deploy.0 = Release|ARM
		{00643F31-67BB-4C0B-BD24-768F3CF4DDAB}.Ad-Hoc|iPhone.ActiveCfg = Release|Any CPU
		{00643F31-67BB-4C0B-BD24-768F3CF4DDAB}.Ad-Hoc|iPhone.Build.0 = Release|Any CPU
		{00643F31-67BB-4C0B-BD24-768F3CF4DDAB}.Ad-Hoc|iPhone.Deploy.0 = Release|Any CPU
		{00643F31-67BB-4C0B-BD24-768F3CF4DDAB}.Ad-Hoc|iPhoneSimulator.ActiveCfg = Release|Any CPU
		{00643F31-67BB-4C0B-BD24-768F3CF4DDAB}.Ad-Hoc|iPhoneSimulator.Build.0 = Release|Any CPU
		{00643F31-67BB-4C0B-BD24-768F3CF4DDAB}.Ad-Hoc|iPhoneSimulator.Deploy.0 = Release|Any CPU
		{00643F31-67BB-4C0B-BD24-768F3CF4DDAB}.Ad-Hoc|x64.ActiveCfg = Release|Any CPU
		{00643F31-67BB-4C0B-BD24-768F3CF4DDAB}.Ad-Hoc|x64.Build.0 = Release|Any CPU
		{00643F31-67BB-4C0B-BD24-768F3CF4DDAB}.Ad-Hoc|x64.Deploy.0 = Release|Any CPU
		{00643F31-67BB-4C0B-BD24-768F3CF4DDAB}.Ad-Hoc|x86.ActiveCfg = Release|x86
		{00643F31-67BB-4C0B-BD24-768F3CF4DDAB}.Ad-Hoc|x86.Build.0 = Release|x86
		{00643F31-67BB-4C0B-BD24-768F3CF4DDAB}.Ad-Hoc|x86.Deploy.0 = Release|x86
		{00643F31-67BB-4C0B-BD24-768F3CF4DDAB}.AppStore|Any CPU.ActiveCfg = Release|Any CPU
		{00643F31-67BB-4C0B-BD24-768F3CF4DDAB}.AppStore|Any CPU.Build.0 = Release|Any CPU
		{00643F31-67BB-4C0B-BD24-768F3CF4DDAB}.AppStore|Any CPU.Deploy.0 = Release|Any CPU
		{00643F31-67BB-4C0B-BD24-768F3CF4DDAB}.AppStore|ARM.ActiveCfg = Release|ARM
		{00643F31-67BB-4C0B-BD24-768F3CF4DDAB}.AppStore|ARM.Build.0 = Release|ARM
		{00643F31-67BB-4C0B-BD24-768F3CF4DDAB}.AppStore|ARM.Deploy.0 = Release|ARM
		{00643F31-67BB-4C0B-BD24-768F3CF4DDAB}.AppStore|iPhone.ActiveCfg = Release|Any CPU
		{00643F31-67BB-4C0B-BD24-768F3CF4DDAB}.AppStore|iPhone.Build.0 = Release|Any CPU
		{00643F31-67BB-4C0B-BD24-768F3CF4DDAB}.AppStore|iPhone.Deploy.0 = Release|Any CPU
		{00643F31-67BB-4C0B-BD24-768F3CF4DDAB}.AppStore|iPhoneSimulator.ActiveCfg = Release|Any CPU
		{00643F31-67BB-4C0B-BD24-768F3CF4DDAB}.AppStore|iPhoneSimulator.Build.0 = Release|Any CPU
		{00643F31-67BB-4C0B-BD24-768F3CF4DDAB}.AppStore|iPhoneSimulator.Deploy.0 = Release|Any CPU
		{00643F31-67BB-4C0B-BD24-768F3CF4DDAB}.AppStore|x64.ActiveCfg = Release|Any CPU
		{00643F31-67BB-4C0B-BD24-768F3CF4DDAB}.AppStore|x64.Build.0 = Release|Any CPU
		{00643F31-67BB-4C0B-BD24-768F3CF4DDAB}.AppStore|x64.Deploy.0 = Release|Any CPU
		{00643F31-67BB-4C0B-BD24-768F3CF4DDAB}.AppStore|x86.ActiveCfg = Release|x86
		{00643F31-67BB-4C0B-BD24-768F3CF4DDAB}.AppStore|x86.Build.0 = Release|x86
		{00643F31-67BB-4C0B-BD24-768F3CF4DDAB}.AppStore|x86.Deploy.0 = Release|x86
		{00643F31-67BB-4C0B-BD24-768F3CF4DDAB}.Debug|Any CPU.ActiveCfg = Debug|Any CPU
		{00643F31-67BB-4C0B-BD24-768F3CF4DDAB}.Debug|Any CPU.Build.0 = Debug|Any CPU
		{00643F31-67BB-4C0B-BD24-768F3CF4DDAB}.Debug|Any CPU.Deploy.0 = Debug|Any CPU
		{00643F31-67BB-4C0B-BD24-768F3CF4DDAB}.Debug|ARM.ActiveCfg = Debug|ARM
		{00643F31-67BB-4C0B-BD24-768F3CF4DDAB}.Debug|ARM.Build.0 = Debug|ARM
		{00643F31-67BB-4C0B-BD24-768F3CF4DDAB}.Debug|ARM.Deploy.0 = Debug|ARM
		{00643F31-67BB-4C0B-BD24-768F3CF4DDAB}.Debug|iPhone.ActiveCfg = Debug|Any CPU
		{00643F31-67BB-4C0B-BD24-768F3CF4DDAB}.Debug|iPhone.Build.0 = Debug|Any CPU
		{00643F31-67BB-4C0B-BD24-768F3CF4DDAB}.Debug|iPhone.Deploy.0 = Debug|Any CPU
		{00643F31-67BB-4C0B-BD24-768F3CF4DDAB}.Debug|iPhoneSimulator.ActiveCfg = Debug|Any CPU
		{00643F31-67BB-4C0B-BD24-768F3CF4DDAB}.Debug|iPhoneSimulator.Build.0 = Debug|Any CPU
		{00643F31-67BB-4C0B-BD24-768F3CF4DDAB}.Debug|iPhoneSimulator.Deploy.0 = Debug|Any CPU
		{00643F31-67BB-4C0B-BD24-768F3CF4DDAB}.Debug|x64.ActiveCfg = Debug|Any CPU
		{00643F31-67BB-4C0B-BD24-768F3CF4DDAB}.Debug|x64.Build.0 = Debug|Any CPU
		{00643F31-67BB-4C0B-BD24-768F3CF4DDAB}.Debug|x64.Deploy.0 = Debug|Any CPU
		{00643F31-67BB-4C0B-BD24-768F3CF4DDAB}.Debug|x86.ActiveCfg = Debug|x86
		{00643F31-67BB-4C0B-BD24-768F3CF4DDAB}.Debug|x86.Build.0 = Debug|x86
		{00643F31-67BB-4C0B-BD24-768F3CF4DDAB}.Debug|x86.Deploy.0 = Debug|x86
		{00643F31-67BB-4C0B-BD24-768F3CF4DDAB}.Release|Any CPU.ActiveCfg = Release|Any CPU
		{00643F31-67BB-4C0B-BD24-768F3CF4DDAB}.Release|Any CPU.Build.0 = Release|Any CPU
		{00643F31-67BB-4C0B-BD24-768F3CF4DDAB}.Release|Any CPU.Deploy.0 = Release|Any CPU
		{00643F31-67BB-4C0B-BD24-768F3CF4DDAB}.Release|ARM.ActiveCfg = Release|ARM
		{00643F31-67BB-4C0B-BD24-768F3CF4DDAB}.Release|ARM.Build.0 = Release|ARM
		{00643F31-67BB-4C0B-BD24-768F3CF4DDAB}.Release|ARM.Deploy.0 = Release|ARM
		{00643F31-67BB-4C0B-BD24-768F3CF4DDAB}.Release|iPhone.ActiveCfg = Release|Any CPU
		{00643F31-67BB-4C0B-BD24-768F3CF4DDAB}.Release|iPhone.Build.0 = Release|Any CPU
		{00643F31-67BB-4C0B-BD24-768F3CF4DDAB}.Release|iPhone.Deploy.0 = Release|Any CPU
		{00643F31-67BB-4C0B-BD24-768F3CF4DDAB}.Release|iPhoneSimulator.ActiveCfg = Release|Any CPU
		{00643F31-67BB-4C0B-BD24-768F3CF4DDAB}.Release|iPhoneSimulator.Build.0 = Release|Any CPU
		{00643F31-67BB-4C0B-BD24-768F3CF4DDAB}.Release|iPhoneSimulator.Deploy.0 = Release|Any CPU
		{00643F31-67BB-4C0B-BD24-768F3CF4DDAB}.Release|x64.ActiveCfg = Release|Any CPU
		{00643F31-67BB-4C0B-BD24-768F3CF4DDAB}.Release|x64.Build.0 = Release|Any CPU
		{00643F31-67BB-4C0B-BD24-768F3CF4DDAB}.Release|x64.Deploy.0 = Release|Any CPU
		{00643F31-67BB-4C0B-BD24-768F3CF4DDAB}.Release|x86.ActiveCfg = Release|x86
		{00643F31-67BB-4C0B-BD24-768F3CF4DDAB}.Release|x86.Build.0 = Release|x86
		{00643F31-67BB-4C0B-BD24-768F3CF4DDAB}.Release|x86.Deploy.0 = Release|x86
		{7C72F7BE-9051-4631-BD21-4060CC91C46C}.Ad-Hoc|Any CPU.ActiveCfg = Release|x86
		{7C72F7BE-9051-4631-BD21-4060CC91C46C}.Ad-Hoc|Any CPU.Build.0 = Release|x86
		{7C72F7BE-9051-4631-BD21-4060CC91C46C}.Ad-Hoc|Any CPU.Deploy.0 = Release|x86
		{7C72F7BE-9051-4631-BD21-4060CC91C46C}.Ad-Hoc|ARM.ActiveCfg = Release|ARM
		{7C72F7BE-9051-4631-BD21-4060CC91C46C}.Ad-Hoc|ARM.Build.0 = Release|ARM
		{7C72F7BE-9051-4631-BD21-4060CC91C46C}.Ad-Hoc|ARM.Deploy.0 = Release|ARM
		{7C72F7BE-9051-4631-BD21-4060CC91C46C}.Ad-Hoc|iPhone.ActiveCfg = Release|x86
		{7C72F7BE-9051-4631-BD21-4060CC91C46C}.Ad-Hoc|iPhone.Build.0 = Release|x86
		{7C72F7BE-9051-4631-BD21-4060CC91C46C}.Ad-Hoc|iPhone.Deploy.0 = Release|x86
		{7C72F7BE-9051-4631-BD21-4060CC91C46C}.Ad-Hoc|iPhoneSimulator.ActiveCfg = Release|x86
		{7C72F7BE-9051-4631-BD21-4060CC91C46C}.Ad-Hoc|iPhoneSimulator.Build.0 = Release|x86
		{7C72F7BE-9051-4631-BD21-4060CC91C46C}.Ad-Hoc|iPhoneSimulator.Deploy.0 = Release|x86
		{7C72F7BE-9051-4631-BD21-4060CC91C46C}.Ad-Hoc|x64.ActiveCfg = Release|x64
		{7C72F7BE-9051-4631-BD21-4060CC91C46C}.Ad-Hoc|x64.Build.0 = Release|x64
		{7C72F7BE-9051-4631-BD21-4060CC91C46C}.Ad-Hoc|x64.Deploy.0 = Release|x64
		{7C72F7BE-9051-4631-BD21-4060CC91C46C}.Ad-Hoc|x86.ActiveCfg = Release|x86
		{7C72F7BE-9051-4631-BD21-4060CC91C46C}.Ad-Hoc|x86.Build.0 = Release|x86
		{7C72F7BE-9051-4631-BD21-4060CC91C46C}.Ad-Hoc|x86.Deploy.0 = Release|x86
		{7C72F7BE-9051-4631-BD21-4060CC91C46C}.AppStore|Any CPU.ActiveCfg = Release|x86
		{7C72F7BE-9051-4631-BD21-4060CC91C46C}.AppStore|Any CPU.Build.0 = Release|x86
		{7C72F7BE-9051-4631-BD21-4060CC91C46C}.AppStore|Any CPU.Deploy.0 = Release|x86
		{7C72F7BE-9051-4631-BD21-4060CC91C46C}.AppStore|ARM.ActiveCfg = Release|ARM
		{7C72F7BE-9051-4631-BD21-4060CC91C46C}.AppStore|ARM.Build.0 = Release|ARM
		{7C72F7BE-9051-4631-BD21-4060CC91C46C}.AppStore|ARM.Deploy.0 = Release|ARM
		{7C72F7BE-9051-4631-BD21-4060CC91C46C}.AppStore|iPhone.ActiveCfg = Release|x86
		{7C72F7BE-9051-4631-BD21-4060CC91C46C}.AppStore|iPhone.Build.0 = Release|x86
		{7C72F7BE-9051-4631-BD21-4060CC91C46C}.AppStore|iPhone.Deploy.0 = Release|x86
		{7C72F7BE-9051-4631-BD21-4060CC91C46C}.AppStore|iPhoneSimulator.ActiveCfg = Release|x86
		{7C72F7BE-9051-4631-BD21-4060CC91C46C}.AppStore|iPhoneSimulator.Build.0 = Release|x86
		{7C72F7BE-9051-4631-BD21-4060CC91C46C}.AppStore|iPhoneSimulator.Deploy.0 = Release|x86
		{7C72F7BE-9051-4631-BD21-4060CC91C46C}.AppStore|x64.ActiveCfg = Release|x64
		{7C72F7BE-9051-4631-BD21-4060CC91C46C}.AppStore|x64.Build.0 = Release|x64
		{7C72F7BE-9051-4631-BD21-4060CC91C46C}.AppStore|x64.Deploy.0 = Release|x64
		{7C72F7BE-9051-4631-BD21-4060CC91C46C}.AppStore|x86.ActiveCfg = Release|x86
		{7C72F7BE-9051-4631-BD21-4060CC91C46C}.AppStore|x86.Build.0 = Release|x86
		{7C72F7BE-9051-4631-BD21-4060CC91C46C}.AppStore|x86.Deploy.0 = Release|x86
		{7C72F7BE-9051-4631-BD21-4060CC91C46C}.Debug|Any CPU.ActiveCfg = Debug|x86
		{7C72F7BE-9051-4631-BD21-4060CC91C46C}.Debug|ARM.ActiveCfg = Debug|ARM
		{7C72F7BE-9051-4631-BD21-4060CC91C46C}.Debug|ARM.Build.0 = Debug|ARM
		{7C72F7BE-9051-4631-BD21-4060CC91C46C}.Debug|ARM.Deploy.0 = Debug|ARM
		{7C72F7BE-9051-4631-BD21-4060CC91C46C}.Debug|iPhone.ActiveCfg = Debug|x86
		{7C72F7BE-9051-4631-BD21-4060CC91C46C}.Debug|iPhoneSimulator.ActiveCfg = Debug|x86
		{7C72F7BE-9051-4631-BD21-4060CC91C46C}.Debug|x64.ActiveCfg = Debug|x64
		{7C72F7BE-9051-4631-BD21-4060CC91C46C}.Debug|x64.Build.0 = Debug|x64
		{7C72F7BE-9051-4631-BD21-4060CC91C46C}.Debug|x64.Deploy.0 = Debug|x64
		{7C72F7BE-9051-4631-BD21-4060CC91C46C}.Debug|x86.ActiveCfg = Debug|x86
		{7C72F7BE-9051-4631-BD21-4060CC91C46C}.Debug|x86.Build.0 = Debug|x86
		{7C72F7BE-9051-4631-BD21-4060CC91C46C}.Debug|x86.Deploy.0 = Debug|x86
		{7C72F7BE-9051-4631-BD21-4060CC91C46C}.Release|Any CPU.ActiveCfg = Release|x86
		{7C72F7BE-9051-4631-BD21-4060CC91C46C}.Release|ARM.ActiveCfg = Release|ARM
		{7C72F7BE-9051-4631-BD21-4060CC91C46C}.Release|ARM.Build.0 = Release|ARM
		{7C72F7BE-9051-4631-BD21-4060CC91C46C}.Release|ARM.Deploy.0 = Release|ARM
		{7C72F7BE-9051-4631-BD21-4060CC91C46C}.Release|iPhone.ActiveCfg = Release|x86
		{7C72F7BE-9051-4631-BD21-4060CC91C46C}.Release|iPhoneSimulator.ActiveCfg = Release|x86
		{7C72F7BE-9051-4631-BD21-4060CC91C46C}.Release|x64.ActiveCfg = Release|x64
		{7C72F7BE-9051-4631-BD21-4060CC91C46C}.Release|x64.Build.0 = Release|x64
		{7C72F7BE-9051-4631-BD21-4060CC91C46C}.Release|x64.Deploy.0 = Release|x64
		{7C72F7BE-9051-4631-BD21-4060CC91C46C}.Release|x86.ActiveCfg = Release|x86
		{7C72F7BE-9051-4631-BD21-4060CC91C46C}.Release|x86.Build.0 = Release|x86
		{7C72F7BE-9051-4631-BD21-4060CC91C46C}.Release|x86.Deploy.0 = Release|x86
		{64D39030-2FFB-4102-BA72-7A43A15DA51B}.Ad-Hoc|Any CPU.ActiveCfg = Release|Any CPU
		{64D39030-2FFB-4102-BA72-7A43A15DA51B}.Ad-Hoc|Any CPU.Build.0 = Release|Any CPU
		{64D39030-2FFB-4102-BA72-7A43A15DA51B}.Ad-Hoc|Any CPU.Deploy.0 = Release|Any CPU
		{64D39030-2FFB-4102-BA72-7A43A15DA51B}.Ad-Hoc|ARM.ActiveCfg = Release|ARM
		{64D39030-2FFB-4102-BA72-7A43A15DA51B}.Ad-Hoc|ARM.Build.0 = Release|ARM
		{64D39030-2FFB-4102-BA72-7A43A15DA51B}.Ad-Hoc|ARM.Deploy.0 = Release|ARM
		{64D39030-2FFB-4102-BA72-7A43A15DA51B}.Ad-Hoc|iPhone.ActiveCfg = Release|Any CPU
		{64D39030-2FFB-4102-BA72-7A43A15DA51B}.Ad-Hoc|iPhone.Build.0 = Release|Any CPU
		{64D39030-2FFB-4102-BA72-7A43A15DA51B}.Ad-Hoc|iPhone.Deploy.0 = Release|Any CPU
		{64D39030-2FFB-4102-BA72-7A43A15DA51B}.Ad-Hoc|iPhoneSimulator.ActiveCfg = Release|Any CPU
		{64D39030-2FFB-4102-BA72-7A43A15DA51B}.Ad-Hoc|iPhoneSimulator.Build.0 = Release|Any CPU
		{64D39030-2FFB-4102-BA72-7A43A15DA51B}.Ad-Hoc|iPhoneSimulator.Deploy.0 = Release|Any CPU
		{64D39030-2FFB-4102-BA72-7A43A15DA51B}.Ad-Hoc|x64.ActiveCfg = Release|x64
		{64D39030-2FFB-4102-BA72-7A43A15DA51B}.Ad-Hoc|x64.Build.0 = Release|x64
		{64D39030-2FFB-4102-BA72-7A43A15DA51B}.Ad-Hoc|x64.Deploy.0 = Release|x64
		{64D39030-2FFB-4102-BA72-7A43A15DA51B}.Ad-Hoc|x86.ActiveCfg = Release|x86
		{64D39030-2FFB-4102-BA72-7A43A15DA51B}.Ad-Hoc|x86.Build.0 = Release|x86
		{64D39030-2FFB-4102-BA72-7A43A15DA51B}.Ad-Hoc|x86.Deploy.0 = Release|x86
		{64D39030-2FFB-4102-BA72-7A43A15DA51B}.AppStore|Any CPU.ActiveCfg = Release|Any CPU
		{64D39030-2FFB-4102-BA72-7A43A15DA51B}.AppStore|Any CPU.Build.0 = Release|Any CPU
		{64D39030-2FFB-4102-BA72-7A43A15DA51B}.AppStore|Any CPU.Deploy.0 = Release|Any CPU
		{64D39030-2FFB-4102-BA72-7A43A15DA51B}.AppStore|ARM.ActiveCfg = Release|ARM
		{64D39030-2FFB-4102-BA72-7A43A15DA51B}.AppStore|ARM.Build.0 = Release|ARM
		{64D39030-2FFB-4102-BA72-7A43A15DA51B}.AppStore|ARM.Deploy.0 = Release|ARM
		{64D39030-2FFB-4102-BA72-7A43A15DA51B}.AppStore|iPhone.ActiveCfg = Release|Any CPU
		{64D39030-2FFB-4102-BA72-7A43A15DA51B}.AppStore|iPhone.Build.0 = Release|Any CPU
		{64D39030-2FFB-4102-BA72-7A43A15DA51B}.AppStore|iPhone.Deploy.0 = Release|Any CPU
		{64D39030-2FFB-4102-BA72-7A43A15DA51B}.AppStore|iPhoneSimulator.ActiveCfg = Release|Any CPU
		{64D39030-2FFB-4102-BA72-7A43A15DA51B}.AppStore|iPhoneSimulator.Build.0 = Release|Any CPU
		{64D39030-2FFB-4102-BA72-7A43A15DA51B}.AppStore|iPhoneSimulator.Deploy.0 = Release|Any CPU
		{64D39030-2FFB-4102-BA72-7A43A15DA51B}.AppStore|x64.ActiveCfg = Release|x64
		{64D39030-2FFB-4102-BA72-7A43A15DA51B}.AppStore|x64.Build.0 = Release|x64
		{64D39030-2FFB-4102-BA72-7A43A15DA51B}.AppStore|x64.Deploy.0 = Release|x64
		{64D39030-2FFB-4102-BA72-7A43A15DA51B}.AppStore|x86.ActiveCfg = Release|x86
		{64D39030-2FFB-4102-BA72-7A43A15DA51B}.AppStore|x86.Build.0 = Release|x86
		{64D39030-2FFB-4102-BA72-7A43A15DA51B}.AppStore|x86.Deploy.0 = Release|x86
		{64D39030-2FFB-4102-BA72-7A43A15DA51B}.Debug|Any CPU.ActiveCfg = Debug|Any CPU
		{64D39030-2FFB-4102-BA72-7A43A15DA51B}.Debug|Any CPU.Build.0 = Debug|Any CPU
		{64D39030-2FFB-4102-BA72-7A43A15DA51B}.Debug|Any CPU.Deploy.0 = Debug|Any CPU
		{64D39030-2FFB-4102-BA72-7A43A15DA51B}.Debug|ARM.ActiveCfg = Debug|ARM
		{64D39030-2FFB-4102-BA72-7A43A15DA51B}.Debug|ARM.Build.0 = Debug|ARM
		{64D39030-2FFB-4102-BA72-7A43A15DA51B}.Debug|ARM.Deploy.0 = Debug|ARM
		{64D39030-2FFB-4102-BA72-7A43A15DA51B}.Debug|iPhone.ActiveCfg = Debug|Any CPU
		{64D39030-2FFB-4102-BA72-7A43A15DA51B}.Debug|iPhone.Build.0 = Debug|Any CPU
		{64D39030-2FFB-4102-BA72-7A43A15DA51B}.Debug|iPhone.Deploy.0 = Debug|Any CPU
		{64D39030-2FFB-4102-BA72-7A43A15DA51B}.Debug|iPhoneSimulator.ActiveCfg = Debug|Any CPU
		{64D39030-2FFB-4102-BA72-7A43A15DA51B}.Debug|iPhoneSimulator.Build.0 = Debug|Any CPU
		{64D39030-2FFB-4102-BA72-7A43A15DA51B}.Debug|iPhoneSimulator.Deploy.0 = Debug|Any CPU
		{64D39030-2FFB-4102-BA72-7A43A15DA51B}.Debug|x64.ActiveCfg = Debug|x64
		{64D39030-2FFB-4102-BA72-7A43A15DA51B}.Debug|x64.Build.0 = Debug|x64
		{64D39030-2FFB-4102-BA72-7A43A15DA51B}.Debug|x64.Deploy.0 = Debug|x64
		{64D39030-2FFB-4102-BA72-7A43A15DA51B}.Debug|x86.ActiveCfg = Debug|x86
		{64D39030-2FFB-4102-BA72-7A43A15DA51B}.Debug|x86.Build.0 = Debug|x86
		{64D39030-2FFB-4102-BA72-7A43A15DA51B}.Debug|x86.Deploy.0 = Debug|x86
		{64D39030-2FFB-4102-BA72-7A43A15DA51B}.Release|Any CPU.ActiveCfg = Release|Any CPU
		{64D39030-2FFB-4102-BA72-7A43A15DA51B}.Release|Any CPU.Build.0 = Release|Any CPU
		{64D39030-2FFB-4102-BA72-7A43A15DA51B}.Release|Any CPU.Deploy.0 = Release|Any CPU
		{64D39030-2FFB-4102-BA72-7A43A15DA51B}.Release|ARM.ActiveCfg = Release|ARM
		{64D39030-2FFB-4102-BA72-7A43A15DA51B}.Release|ARM.Build.0 = Release|ARM
		{64D39030-2FFB-4102-BA72-7A43A15DA51B}.Release|ARM.Deploy.0 = Release|ARM
		{64D39030-2FFB-4102-BA72-7A43A15DA51B}.Release|iPhone.ActiveCfg = Release|Any CPU
		{64D39030-2FFB-4102-BA72-7A43A15DA51B}.Release|iPhone.Build.0 = Release|Any CPU
		{64D39030-2FFB-4102-BA72-7A43A15DA51B}.Release|iPhone.Deploy.0 = Release|Any CPU
		{64D39030-2FFB-4102-BA72-7A43A15DA51B}.Release|iPhoneSimulator.ActiveCfg = Release|Any CPU
		{64D39030-2FFB-4102-BA72-7A43A15DA51B}.Release|iPhoneSimulator.Build.0 = Release|Any CPU
		{64D39030-2FFB-4102-BA72-7A43A15DA51B}.Release|iPhoneSimulator.Deploy.0 = Release|Any CPU
		{64D39030-2FFB-4102-BA72-7A43A15DA51B}.Release|x64.ActiveCfg = Release|x64
		{64D39030-2FFB-4102-BA72-7A43A15DA51B}.Release|x64.Build.0 = Release|x64
		{64D39030-2FFB-4102-BA72-7A43A15DA51B}.Release|x64.Deploy.0 = Release|x64
		{64D39030-2FFB-4102-BA72-7A43A15DA51B}.Release|x86.ActiveCfg = Release|x86
		{64D39030-2FFB-4102-BA72-7A43A15DA51B}.Release|x86.Build.0 = Release|x86
		{64D39030-2FFB-4102-BA72-7A43A15DA51B}.Release|x86.Deploy.0 = Release|x86
		{82DECF2F-EE0E-48C8-89B0-52A214F18A29}.Ad-Hoc|Any CPU.ActiveCfg = Release|Any CPU
		{82DECF2F-EE0E-48C8-89B0-52A214F18A29}.Ad-Hoc|Any CPU.Build.0 = Release|Any CPU
		{82DECF2F-EE0E-48C8-89B0-52A214F18A29}.Ad-Hoc|ARM.ActiveCfg = Release|Any CPU
		{82DECF2F-EE0E-48C8-89B0-52A214F18A29}.Ad-Hoc|ARM.Build.0 = Release|Any CPU
		{82DECF2F-EE0E-48C8-89B0-52A214F18A29}.Ad-Hoc|iPhone.ActiveCfg = Release|Any CPU
		{82DECF2F-EE0E-48C8-89B0-52A214F18A29}.Ad-Hoc|iPhone.Build.0 = Release|Any CPU
		{82DECF2F-EE0E-48C8-89B0-52A214F18A29}.Ad-Hoc|iPhoneSimulator.ActiveCfg = Release|Any CPU
		{82DECF2F-EE0E-48C8-89B0-52A214F18A29}.Ad-Hoc|iPhoneSimulator.Build.0 = Release|Any CPU
		{82DECF2F-EE0E-48C8-89B0-52A214F18A29}.Ad-Hoc|x64.ActiveCfg = Release|Any CPU
		{82DECF2F-EE0E-48C8-89B0-52A214F18A29}.Ad-Hoc|x64.Build.0 = Release|Any CPU
		{82DECF2F-EE0E-48C8-89B0-52A214F18A29}.Ad-Hoc|x86.ActiveCfg = Release|Any CPU
		{82DECF2F-EE0E-48C8-89B0-52A214F18A29}.Ad-Hoc|x86.Build.0 = Release|Any CPU
		{82DECF2F-EE0E-48C8-89B0-52A214F18A29}.AppStore|Any CPU.ActiveCfg = Release|Any CPU
		{82DECF2F-EE0E-48C8-89B0-52A214F18A29}.AppStore|Any CPU.Build.0 = Release|Any CPU
		{82DECF2F-EE0E-48C8-89B0-52A214F18A29}.AppStore|ARM.ActiveCfg = Release|Any CPU
		{82DECF2F-EE0E-48C8-89B0-52A214F18A29}.AppStore|ARM.Build.0 = Release|Any CPU
		{82DECF2F-EE0E-48C8-89B0-52A214F18A29}.AppStore|iPhone.ActiveCfg = Release|Any CPU
		{82DECF2F-EE0E-48C8-89B0-52A214F18A29}.AppStore|iPhone.Build.0 = Release|Any CPU
		{82DECF2F-EE0E-48C8-89B0-52A214F18A29}.AppStore|iPhoneSimulator.ActiveCfg = Release|Any CPU
		{82DECF2F-EE0E-48C8-89B0-52A214F18A29}.AppStore|iPhoneSimulator.Build.0 = Release|Any CPU
		{82DECF2F-EE0E-48C8-89B0-52A214F18A29}.AppStore|x64.ActiveCfg = Release|Any CPU
		{82DECF2F-EE0E-48C8-89B0-52A214F18A29}.AppStore|x64.Build.0 = Release|Any CPU
		{82DECF2F-EE0E-48C8-89B0-52A214F18A29}.AppStore|x86.ActiveCfg = Release|Any CPU
		{82DECF2F-EE0E-48C8-89B0-52A214F18A29}.AppStore|x86.Build.0 = Release|Any CPU
		{82DECF2F-EE0E-48C8-89B0-52A214F18A29}.Debug|Any CPU.ActiveCfg = Debug|Any CPU
		{82DECF2F-EE0E-48C8-89B0-52A214F18A29}.Debug|Any CPU.Build.0 = Debug|Any CPU
		{82DECF2F-EE0E-48C8-89B0-52A214F18A29}.Debug|ARM.ActiveCfg = Debug|Any CPU
		{82DECF2F-EE0E-48C8-89B0-52A214F18A29}.Debug|ARM.Build.0 = Debug|Any CPU
		{82DECF2F-EE0E-48C8-89B0-52A214F18A29}.Debug|iPhone.ActiveCfg = Debug|Any CPU
		{82DECF2F-EE0E-48C8-89B0-52A214F18A29}.Debug|iPhone.Build.0 = Debug|Any CPU
		{82DECF2F-EE0E-48C8-89B0-52A214F18A29}.Debug|iPhoneSimulator.ActiveCfg = Debug|Any CPU
		{82DECF2F-EE0E-48C8-89B0-52A214F18A29}.Debug|iPhoneSimulator.Build.0 = Debug|Any CPU
		{82DECF2F-EE0E-48C8-89B0-52A214F18A29}.Debug|x64.ActiveCfg = Debug|Any CPU
		{82DECF2F-EE0E-48C8-89B0-52A214F18A29}.Debug|x64.Build.0 = Debug|Any CPU
		{82DECF2F-EE0E-48C8-89B0-52A214F18A29}.Debug|x86.ActiveCfg = Debug|Any CPU
		{82DECF2F-EE0E-48C8-89B0-52A214F18A29}.Debug|x86.Build.0 = Debug|Any CPU
		{82DECF2F-EE0E-48C8-89B0-52A214F18A29}.Release|Any CPU.ActiveCfg = Release|Any CPU
		{82DECF2F-EE0E-48C8-89B0-52A214F18A29}.Release|Any CPU.Build.0 = Release|Any CPU
		{82DECF2F-EE0E-48C8-89B0-52A214F18A29}.Release|ARM.ActiveCfg = Release|Any CPU
		{82DECF2F-EE0E-48C8-89B0-52A214F18A29}.Release|ARM.Build.0 = Release|Any CPU
		{82DECF2F-EE0E-48C8-89B0-52A214F18A29}.Release|iPhone.ActiveCfg = Release|Any CPU
		{82DECF2F-EE0E-48C8-89B0-52A214F18A29}.Release|iPhone.Build.0 = Release|Any CPU
		{82DECF2F-EE0E-48C8-89B0-52A214F18A29}.Release|iPhoneSimulator.ActiveCfg = Release|Any CPU
		{82DECF2F-EE0E-48C8-89B0-52A214F18A29}.Release|iPhoneSimulator.Build.0 = Release|Any CPU
		{82DECF2F-EE0E-48C8-89B0-52A214F18A29}.Release|x64.ActiveCfg = Release|Any CPU
		{82DECF2F-EE0E-48C8-89B0-52A214F18A29}.Release|x64.Build.0 = Release|Any CPU
		{82DECF2F-EE0E-48C8-89B0-52A214F18A29}.Release|x86.ActiveCfg = Release|Any CPU
		{82DECF2F-EE0E-48C8-89B0-52A214F18A29}.Release|x86.Build.0 = Release|Any CPU
	EndGlobalSection
	GlobalSection(SolutionProperties) = preSolution
		HideSolutionNode = FALSE
	EndGlobalSection
EndGlobal
